
Microsoft Visual Studio Solution File, Format Version 12.00
Project("{FAE04EC0-301F-11D3-BF4B-00C04F79EFBC}") = "LaraSharp Framework", "LaraSharp Framework.csproj", "{548E0718-EE1E-4C9D-9465-F66C30D3903E}"
EndProject
Global
	GlobalSection(SolutionConfigurationPlatforms) = preSolution
		Debug|Any CPU = Debug|Any CPU
		Release|Any CPU = Release|Any CPU
	EndGlobalSection
	GlobalSection(ProjectConfigurationPlatforms) = postSolution
		{548E0718-EE1E-4C9D-9465-F66C30D3903E}.Debug|Any CPU.ActiveCfg = Debug|Any CPU
		{548E0718-EE1E-4C9D-9465-F66C30D3903E}.Debug|Any CPU.Build.0 = Debug|Any CPU
		{548E0718-EE1E-4C9D-9465-F66C30D3903E}.Release|Any CPU.ActiveCfg = Release|Any CPU
		{548E0718-EE1E-4C9D-9465-F66C30D3903E}.Release|Any CPU.Build.0 = Release|Any CPU
	EndGlobalSection
EndGlobal
